
Microsoft Visual Studio Solution File, Format Version 12.00
# Visual Studio Version 16
VisualStudioVersion = 16.0.29709.97
MinimumVisualStudioVersion = 10.0.40219.1
Project("{9A19103F-16F7-4668-BE54-9A1E7A4F7556}") = "TestB2c", "TestB2c\TestB2c.csproj", "{18DEC5B5-8762-404E-8EC2-4027A83AF0CC}"
EndProject
Project("{9A19103F-16F7-4668-BE54-9A1E7A4F7556}") = "GraphApi", "GraphApi\GraphApi.csproj", "{D4AEA8C4-3407-42B3-911D-5A75584800A2}"
EndProject
Project("{9A19103F-16F7-4668-BE54-9A1E7A4F7556}") = "Common", "Common\Common.csproj", "{70625DCB-2BD0-46C1-858F-77B6682B1C93}"
EndProject
Project("{FAE04EC0-301F-11D3-BF4B-00C04F79EFBC}") = "Models", "Models\Models.csproj", "{7174B1D4-2D41-4FCF-888A-871771BF81E9}"
EndProject
Project("{FAE04EC0-301F-11D3-BF4B-00C04F79EFBC}") = "Repository", "Repository\Repository.csproj", "{DEBF7567-3D5A-4BE4-8041-FABAE18CCA2B}"
EndProject
Global
	GlobalSection(SolutionConfigurationPlatforms) = preSolution
		Debug|Any CPU = Debug|Any CPU
		Release|Any CPU = Release|Any CPU
	EndGlobalSection
	GlobalSection(ProjectConfigurationPlatforms) = postSolution
		{18DEC5B5-8762-404E-8EC2-4027A83AF0CC}.Debug|Any CPU.ActiveCfg = Debug|Any CPU
		{18DEC5B5-8762-404E-8EC2-4027A83AF0CC}.Debug|Any CPU.Build.0 = Debug|Any CPU
		{18DEC5B5-8762-404E-8EC2-4027A83AF0CC}.Release|Any CPU.ActiveCfg = Release|Any CPU
		{18DEC5B5-8762-404E-8EC2-4027A83AF0CC}.Release|Any CPU.Build.0 = Release|Any CPU
		{D4AEA8C4-3407-42B3-911D-5A75584800A2}.Debug|Any CPU.ActiveCfg = Debug|Any CPU
		{D4AEA8C4-3407-42B3-911D-5A75584800A2}.Debug|Any CPU.Build.0 = Debug|Any CPU
		{D4AEA8C4-3407-42B3-911D-5A75584800A2}.Release|Any CPU.ActiveCfg = Release|Any CPU
		{D4AEA8C4-3407-42B3-911D-5A75584800A2}.Release|Any CPU.Build.0 = Release|Any CPU
		{70625DCB-2BD0-46C1-858F-77B6682B1C93}.Debug|Any CPU.ActiveCfg = Debug|Any CPU
		{70625DCB-2BD0-46C1-858F-77B6682B1C93}.Debug|Any CPU.Build.0 = Debug|Any CPU
		{70625DCB-2BD0-46C1-858F-77B6682B1C93}.Release|Any CPU.ActiveCfg = Release|Any CPU
		{70625DCB-2BD0-46C1-858F-77B6682B1C93}.Release|Any CPU.Build.0 = Release|Any CPU
		{7174B1D4-2D41-4FCF-888A-871771BF81E9}.Debug|Any CPU.ActiveCfg = Debug|Any CPU
		{7174B1D4-2D41-4FCF-888A-871771BF81E9}.Debug|Any CPU.Build.0 = Debug|Any CPU
		{7174B1D4-2D41-4FCF-888A-871771BF81E9}.Release|Any CPU.ActiveCfg = Release|Any CPU
		{7174B1D4-2D41-4FCF-888A-871771BF81E9}.Release|Any CPU.Build.0 = Release|Any CPU
		{DEBF7567-3D5A-4BE4-8041-FABAE18CCA2B}.Debug|Any CPU.ActiveCfg = Debug|Any CPU
		{DEBF7567-3D5A-4BE4-8041-FABAE18CCA2B}.Debug|Any CPU.Build.0 = Debug|Any CPU
		{DEBF7567-3D5A-4BE4-8041-FABAE18CCA2B}.Release|Any CPU.ActiveCfg = Release|Any CPU
		{DEBF7567-3D5A-4BE4-8041-FABAE18CCA2B}.Release|Any CPU.Build.0 = Release|Any CPU
	EndGlobalSection
	GlobalSection(SolutionProperties) = preSolution
		HideSolutionNode = FALSE
	EndGlobalSection
	GlobalSection(ExtensibilityGlobals) = postSolution
		SolutionGuid = {12408849-DB9E-460E-88A4-0BF07A134FAA}
	EndGlobalSection
EndGlobal
